
Microsoft Visual Studio Solution File, Format Version 12.00
# Visual Studio Version 16
VisualStudioVersion = 16.0.29709.97
MinimumVisualStudioVersion = 10.0.40219.1
Project("{FAE04EC0-301F-11D3-BF4B-00C04F79EFBC}") = "Compliance.Notifications", "src\app\Compliance.Notifications\Compliance.Notifications.csproj", "{D496840F-DCDB-4FB1-8677-AA41F3EA8B28}"
EndProject
Project("{2150E333-8FDC-42A3-9474-1A3956D46DE8}") = "Solution Items", "Solution Items", "{39AE3E33-820E-4272-8137-3E80DD28167C}"
	ProjectSection(SolutionItems) = preProject
		build.fsx = build.fsx
	EndProjectSection
EndProject
Project("{FAE04EC0-301F-11D3-BF4B-00C04F79EFBC}") = "Compliance.Notifications.Tests", "src\test\Compliance.Notifications.Tests\Compliance.Notifications.Tests.csproj", "{6830D185-FED7-44C1-8EF5-F5E5096F1DC3}"
EndProject
Project("{930C7802-8A8C-48F9-8165-68863BCCD9DD}") = "Compliance.Notifications.Setup", "src\setup\Compliance.Notifications.Setup\Compliance.Notifications.Setup.wixproj", "{A00611C2-6D49-4B18-B610-1CE1E0544772}"
EndProject
Global
	GlobalSection(SolutionConfigurationPlatforms) = preSolution
		Debug|Any CPU = Debug|Any CPU
		Debug|x86 = Debug|x86
		Release|Any CPU = Release|Any CPU
		Release|x86 = Release|x86
	EndGlobalSection
	GlobalSection(ProjectConfigurationPlatforms) = postSolution
		{D496840F-DCDB-4FB1-8677-AA41F3EA8B28}.Debug|Any CPU.ActiveCfg = Debug|Any CPU
		{D496840F-DCDB-4FB1-8677-AA41F3EA8B28}.Debug|Any CPU.Build.0 = Debug|Any CPU
		{D496840F-DCDB-4FB1-8677-AA41F3EA8B28}.Debug|x86.ActiveCfg = Debug|Any CPU
		{D496840F-DCDB-4FB1-8677-AA41F3EA8B28}.Debug|x86.Build.0 = Debug|Any CPU
		{D496840F-DCDB-4FB1-8677-AA41F3EA8B28}.Release|Any CPU.ActiveCfg = Release|Any CPU
		{D496840F-DCDB-4FB1-8677-AA41F3EA8B28}.Release|Any CPU.Build.0 = Release|Any CPU
		{D496840F-DCDB-4FB1-8677-AA41F3EA8B28}.Release|x86.ActiveCfg = Release|Any CPU
		{D496840F-DCDB-4FB1-8677-AA41F3EA8B28}.Release|x86.Build.0 = Release|Any CPU
		{6830D185-FED7-44C1-8EF5-F5E5096F1DC3}.Debug|Any CPU.ActiveCfg = Debug|Any CPU
		{6830D185-FED7-44C1-8EF5-F5E5096F1DC3}.Debug|Any CPU.Build.0 = Debug|Any CPU
		{6830D185-FED7-44C1-8EF5-F5E5096F1DC3}.Debug|x86.ActiveCfg = Debug|Any CPU
		{6830D185-FED7-44C1-8EF5-F5E5096F1DC3}.Debug|x86.Build.0 = Debug|Any CPU
		{6830D185-FED7-44C1-8EF5-F5E5096F1DC3}.Release|Any CPU.ActiveCfg = Release|Any CPU
		{6830D185-FED7-44C1-8EF5-F5E5096F1DC3}.Release|Any CPU.Build.0 = Release|Any CPU
		{6830D185-FED7-44C1-8EF5-F5E5096F1DC3}.Release|x86.ActiveCfg = Release|Any CPU
		{6830D185-FED7-44C1-8EF5-F5E5096F1DC3}.Release|x86.Build.0 = Release|Any CPU
		{A00611C2-6D49-4B18-B610-1CE1E0544772}.Debug|Any CPU.ActiveCfg = Debug|x86
		{A00611C2-6D49-4B18-B610-1CE1E0544772}.Debug|x86.ActiveCfg = Debug|x86
		{A00611C2-6D49-4B18-B610-1CE1E0544772}.Debug|x86.Build.0 = Debug|x86
		{A00611C2-6D49-4B18-B610-1CE1E0544772}.Release|Any CPU.ActiveCfg = Release|x86
		{A00611C2-6D49-4B18-B610-1CE1E0544772}.Release|x86.ActiveCfg = Release|x86
		{A00611C2-6D49-4B18-B610-1CE1E0544772}.Release|x86.Build.0 = Release|x86
	EndGlobalSection
	GlobalSection(SolutionProperties) = preSolution
		HideSolutionNode = FALSE
	EndGlobalSection
	GlobalSection(ExtensibilityGlobals) = postSolution
		SolutionGuid = {A440F91D-7065-4FF8-8D7F-901ABB1A8D49}
	EndGlobalSection
EndGlobal
